{
  "originHash" : "11b78eba97192d19796cff581fdf69b3e65b441188b1448a1b67e5d7b825a354",
  "pins" : [
    {
      "identity" : "alamofire",
      "kind" : "remoteSourceControl",
      "location" : "https://github.com/Alamofire/Alamofire",
      "state" : {
        "branch" : "master",
        "revision" : "8f4ecb5c92f28e3841d2bc030485debf0eaa97d6"
      }
    }
  ],
  "version" : 3
}
